
Microsoft Visual Studio Solution File, Format Version 12.00
# Visual Studio Version 16
VisualStudioVersion = 16.0.30804.86
MinimumVisualStudioVersion = 10.0.40219.1
Project("{FAE04EC0-301F-11D3-BF4B-00C04F79EFBC}") = "CodingEvents", "CodingEvents\CodingEvents.csproj", "{F339A483-21DD-4BC2-982D-7319EC9EFB0A}"
EndProject
Global
	GlobalSection(SolutionConfigurationPlatforms) = preSolution
		Debug|Any CPU = Debug|Any CPU
		Release|Any CPU = Release|Any CPU
	EndGlobalSection
	GlobalSection(ProjectConfigurationPlatforms) = postSolution
		{F339A483-21DD-4BC2-982D-7319EC9EFB0A}.Debug|Any CPU.ActiveCfg = Debug|Any CPU
		{F339A483-21DD-4BC2-982D-7319EC9EFB0A}.Debug|Any CPU.Build.0 = Debug|Any CPU
		{F339A483-21DD-4BC2-982D-7319EC9EFB0A}.Release|Any CPU.ActiveCfg = Release|Any CPU
		{F339A483-21DD-4BC2-982D-7319EC9EFB0A}.Release|Any CPU.Build.0 = Release|Any CPU
	EndGlobalSection
	GlobalSection(SolutionProperties) = preSolution
		HideSolutionNode = FALSE
	EndGlobalSection
	GlobalSection(ExtensibilityGlobals) = postSolution
		SolutionGuid = {3674364B-DCB6-4DE3-9559-5FB30AF938F3}
	EndGlobalSection
EndGlobal
